
Microsoft Visual Studio Solution File, Format Version 12.00
# Visual Studio Version 16
VisualStudioVersion = 16.0.30503.244
MinimumVisualStudioVersion = 10.0.40219.1
Project("{9A19103F-16F7-4668-BE54-9A1E7A4F7556}") = "Parky.API", "Parky.API\Parky.API.csproj", "{F6D72B1E-F047-4B71-A512-68E633CE7EFE}"
EndProject
Project("{FAE04EC0-301F-11D3-BF4B-00C04F79EFBC}") = "Parky.Web", "Parky.Web\Parky.Web.csproj", "{49B3FDEB-A5BD-46A6-886F-22387A1295A1}"
EndProject
Global
	GlobalSection(SolutionConfigurationPlatforms) = preSolution
		Debug|Any CPU = Debug|Any CPU
		Release|Any CPU = Release|Any CPU
	EndGlobalSection
	GlobalSection(ProjectConfigurationPlatforms) = postSolution
		{F6D72B1E-F047-4B71-A512-68E633CE7EFE}.Debug|Any CPU.ActiveCfg = Debug|Any CPU
		{F6D72B1E-F047-4B71-A512-68E633CE7EFE}.Debug|Any CPU.Build.0 = Debug|Any CPU
		{F6D72B1E-F047-4B71-A512-68E633CE7EFE}.Release|Any CPU.ActiveCfg = Release|Any CPU
		{F6D72B1E-F047-4B71-A512-68E633CE7EFE}.Release|Any CPU.Build.0 = Release|Any CPU
		{49B3FDEB-A5BD-46A6-886F-22387A1295A1}.Debug|Any CPU.ActiveCfg = Debug|Any CPU
		{49B3FDEB-A5BD-46A6-886F-22387A1295A1}.Debug|Any CPU.Build.0 = Debug|Any CPU
		{49B3FDEB-A5BD-46A6-886F-22387A1295A1}.Release|Any CPU.ActiveCfg = Release|Any CPU
		{49B3FDEB-A5BD-46A6-886F-22387A1295A1}.Release|Any CPU.Build.0 = Release|Any CPU
	EndGlobalSection
	GlobalSection(SolutionProperties) = preSolution
		HideSolutionNode = FALSE
	EndGlobalSection
	GlobalSection(ExtensibilityGlobals) = postSolution
		SolutionGuid = {75AEA560-5DFD-4A71-9291-1C21AD3D85F4}
	EndGlobalSection
EndGlobal
